// !$*UTF8*$!
{
	archiveVersion = 1;
	classes = {
	};
	objectVersion = 46;
	objects = {

/* Begin PBXBuildFile section */
		0406E95520B0FA349BB2BB5B /* Pods_CompassIOTests.framework in Frameworks */ = {isa = PBXBuildFile; fileRef = 44AB9F82A3CD5819E5740173 /* Pods_CompassIOTests.framework */; };
		1A46D3C6049D692597169387 /* Pods_CompassIOUITests.framework in Frameworks */ = {isa = PBXBuildFile; fileRef = 70026F163173FF0058916ABE /* Pods_CompassIOUITests.framework */; };
		5D07C3740557198433303BDC /* Pods_CompassIO.framework in Frameworks */ = {isa = PBXBuildFile; fileRef = 4776951A9ABCBC8000F9E680 /* Pods_CompassIO.framework */; };
		6E1340F91E52FE3D0040A59B /* SlideRightThenPopTransitionAnimator.swift in Sources */ = {isa = PBXBuildFile; fileRef = 6E1340F81E52FE3D0040A59B /* SlideRightThenPopTransitionAnimator.swift */; };
		6E1341431E545C8E0040A59B /* CardView.swift in Sources */ = {isa = PBXBuildFile; fileRef = 6E1341421E545C8E0040A59B /* CardView.swift */; };
		6E1341451E545EB80040A59B /* InterestButton.swift in Sources */ = {isa = PBXBuildFile; fileRef = 6E1341441E545EB80040A59B /* InterestButton.swift */; };
		6E1341491E5469120040A59B /* DiscoverTableViewCell.swift in Sources */ = {isa = PBXBuildFile; fileRef = 6E1341481E5469120040A59B /* DiscoverTableViewCell.swift */; };
		6E13414B1E546C450040A59B /* DiscoverViewController.swift in Sources */ = {isa = PBXBuildFile; fileRef = 6E13414A1E546C450040A59B /* DiscoverViewController.swift */; };
		6E235CAB1E55E2F800385235 /* GoogleService-Info.plist in Resources */ = {isa = PBXBuildFile; fileRef = 6E235CAA1E55E2F800385235 /* GoogleService-Info.plist */; };
		6E2E10251E47CF640027311F /* ActionButton.swift in Sources */ = {isa = PBXBuildFile; fileRef = 6E2E10231E47CF640027311F /* ActionButton.swift */; };
		6E2E10261E47CF640027311F /* ActionButtonItem.swift in Sources */ = {isa = PBXBuildFile; fileRef = 6E2E10241E47CF640027311F /* ActionButtonItem.swift */; };
		6E2E10281E48A9250027311F /* Comment.swift in Sources */ = {isa = PBXBuildFile; fileRef = 6E2E10271E48A9250027311F /* Comment.swift */; };
		6E2E102A1E48A9B80027311F /* CommentsViewController.swift in Sources */ = {isa = PBXBuildFile; fileRef = 6E2E10291E48A9B80027311F /* CommentsViewController.swift */; };
		6E2E102D1E48B2D60027311F /* CommentTableViewCell.swift in Sources */ = {isa = PBXBuildFile; fileRef = 6E2E102C1E48B2D60027311F /* CommentTableViewCell.swift */; };
		6E2E10891E49FC440027311F /* AsyncButton.swift in Sources */ = {isa = PBXBuildFile; fileRef = 6E2E106B1E49FC440027311F /* AsyncButton.swift */; };
		6E2E108A1E49FC440027311F /* AsyncImageView.swift in Sources */ = {isa = PBXBuildFile; fileRef = 6E2E106C1E49FC440027311F /* AsyncImageView.swift */; };
		6E2E108B1E49FC440027311F /* AutoTextView.swift in Sources */ = {isa = PBXBuildFile; fileRef = 6E2E106D1E49FC440027311F /* AutoTextView.swift */; };
		6E2E108C1E49FC440027311F /* BlurView.swift in Sources */ = {isa = PBXBuildFile; fileRef = 6E2E106E1E49FC440027311F /* BlurView.swift */; };
		6E2E108D1E49FC440027311F /* DesignableButton.swift in Sources */ = {isa = PBXBuildFile; fileRef = 6E2E106F1E49FC440027311F /* DesignableButton.swift */; };
		6E2E108E1E49FC440027311F /* DesignableImageView.swift in Sources */ = {isa = PBXBuildFile; fileRef = 6E2E10701E49FC440027311F /* DesignableImageView.swift */; };
		6E2E108F1E49FC440027311F /* DesignableLabel.swift in Sources */ = {isa = PBXBuildFile; fileRef = 6E2E10711E49FC440027311F /* DesignableLabel.swift */; };
		6E2E10901E49FC440027311F /* DesignableTabBarController.swift in Sources */ = {isa = PBXBuildFile; fileRef = 6E2E10721E49FC440027311F /* DesignableTabBarController.swift */; };
		6E2E10911E49FC440027311F /* DesignableTextField.swift in Sources */ = {isa = PBXBuildFile; fileRef = 6E2E10731E49FC440027311F /* DesignableTextField.swift */; };
		6E2E10921E49FC440027311F /* DesignableTextView.swift in Sources */ = {isa = PBXBuildFile; fileRef = 6E2E10741E49FC440027311F /* DesignableTextView.swift */; };
		6E2E10931E49FC440027311F /* DesignableView.swift in Sources */ = {isa = PBXBuildFile; fileRef = 6E2E10751E49FC440027311F /* DesignableView.swift */; };
		6E2E10941E49FC440027311F /* ImageLoader.swift in Sources */ = {isa = PBXBuildFile; fileRef = 6E2E10761E49FC440027311F /* ImageLoader.swift */; };
		6E2E10951E49FC440027311F /* Info.plist in Resources */ = {isa = PBXBuildFile; fileRef = 6E2E10771E49FC440027311F /* Info.plist */; };
		6E2E10961E49FC440027311F /* KeyboardLayoutConstraint.swift in Sources */ = {isa = PBXBuildFile; fileRef = 6E2E10781E49FC440027311F /* KeyboardLayoutConstraint.swift */; };
		6E2E10971E49FC440027311F /* LoadingView.swift in Sources */ = {isa = PBXBuildFile; fileRef = 6E2E10791E49FC440027311F /* LoadingView.swift */; };
		6E2E10981E49FC440027311F /* LoadingView.xib in Resources */ = {isa = PBXBuildFile; fileRef = 6E2E107A1E49FC440027311F /* LoadingView.xib */; };
		6E2E10991E49FC440027311F /* Misc.swift in Sources */ = {isa = PBXBuildFile; fileRef = 6E2E107B1E49FC440027311F /* Misc.swift */; };
		6E2E109A1E49FC440027311F /* SoundPlayer.swift in Sources */ = {isa = PBXBuildFile; fileRef = 6E2E107C1E49FC440027311F /* SoundPlayer.swift */; };
		6E2E109B1E49FC440027311F /* Spring.swift in Sources */ = {isa = PBXBuildFile; fileRef = 6E2E107E1E49FC440027311F /* Spring.swift */; };
		6E2E109C1E49FC440027311F /* SpringAnimation.swift in Sources */ = {isa = PBXBuildFile; fileRef = 6E2E107F1E49FC440027311F /* SpringAnimation.swift */; };
		6E2E109D1E49FC440027311F /* SpringButton.swift in Sources */ = {isa = PBXBuildFile; fileRef = 6E2E10801E49FC440027311F /* SpringButton.swift */; };
		6E2E109E1E49FC440027311F /* SpringImageView.swift in Sources */ = {isa = PBXBuildFile; fileRef = 6E2E10811E49FC440027311F /* SpringImageView.swift */; };
		6E2E109F1E49FC440027311F /* SpringLabel.swift in Sources */ = {isa = PBXBuildFile; fileRef = 6E2E10821E49FC440027311F /* SpringLabel.swift */; };
		6E2E10A01E49FC440027311F /* SpringTextField.swift in Sources */ = {isa = PBXBuildFile; fileRef = 6E2E10831E49FC440027311F /* SpringTextField.swift */; };
		6E2E10A11E49FC440027311F /* SpringTextView.swift in Sources */ = {isa = PBXBuildFile; fileRef = 6E2E10841E49FC440027311F /* SpringTextView.swift */; };
		6E2E10A21E49FC440027311F /* SpringView.swift in Sources */ = {isa = PBXBuildFile; fileRef = 6E2E10851E49FC440027311F /* SpringView.swift */; };
		6E2E10A31E49FC440027311F /* TransitionManager.swift in Sources */ = {isa = PBXBuildFile; fileRef = 6E2E10861E49FC440027311F /* TransitionManager.swift */; };
		6E2E10A41E49FC440027311F /* TransitionZoom.swift in Sources */ = {isa = PBXBuildFile; fileRef = 6E2E10871E49FC440027311F /* TransitionZoom.swift */; };
		6E2E10A51E49FC440027311F /* UnwindSegue.swift in Sources */ = {isa = PBXBuildFile; fileRef = 6E2E10881E49FC440027311F /* UnwindSegue.swift */; };
		6E2E10A71E4A00D80027311F /* NewInterestViewController.swift in Sources */ = {isa = PBXBuildFile; fileRef = 6E2E10A61E4A00D80027311F /* NewInterestViewController.swift */; };
		6E89AB921E59001800581A21 /* Constants.swift in Sources */ = {isa = PBXBuildFile; fileRef = 6E89AB911E59001800581A21 /* Constants.swift */; };
		6E89AB951E59BC2D00581A21 /* DataService.swift in Sources */ = {isa = PBXBuildFile; fileRef = 6E89AB941E59BC2D00581A21 /* DataService.swift */; };
		6E9123D81E420A5900AA3687 /* Post.swift in Sources */ = {isa = PBXBuildFile; fileRef = 6E9123D61E420A5900AA3687 /* Post.swift */; };
		6E9123D91E420A5900AA3687 /* User.swift in Sources */ = {isa = PBXBuildFile; fileRef = 6E9123D71E420A5900AA3687 /* User.swift */; };
		6E9123DB1E420C0400AA3687 /* PostTableViewCell.swift in Sources */ = {isa = PBXBuildFile; fileRef = 6E9123DA1E420C0400AA3687 /* PostTableViewCell.swift */; };
		6E9123E51E42A6A600AA3687 /* NewPostViewController.swift in Sources */ = {isa = PBXBuildFile; fileRef = 6E9123E41E42A6A600AA3687 /* NewPostViewController.swift */; };
		6E946ED51E4B47EB003CE1CA /* SlideRightTransitionAnimator.swift in Sources */ = {isa = PBXBuildFile; fileRef = 6E946ED41E4B47EB003CE1CA /* SlideRightTransitionAnimator.swift */; };
		6E946F351E4E1718003CE1CA /* PopTransitionAnimator.swift in Sources */ = {isa = PBXBuildFile; fileRef = 6E946F341E4E1718003CE1CA /* PopTransitionAnimator.swift */; };
		6E97BECF1E5C61B800A9E00F /* InterestFIR.swift in Sources */ = {isa = PBXBuildFile; fileRef = 6E97BECE1E5C61B800A9E00F /* InterestFIR.swift */; };
		6EB61ABA1E41F31300F6AB19 /* InterestViewController.swift in Sources */ = {isa = PBXBuildFile; fileRef = 6EB61AB91E41F31300F6AB19 /* InterestViewController.swift */; };
		6EB61ABC1E41F4AE00F6AB19 /* InterestHeaderView.swift in Sources */ = {isa = PBXBuildFile; fileRef = 6EB61ABB1E41F4AE00F6AB19 /* InterestHeaderView.swift */; };
		6EC7BD261E56536700DD0927 /* SignInViewController.swift in Sources */ = {isa = PBXBuildFile; fileRef = 6EC7BD251E56536700DD0927 /* SignInViewController.swift */; };
		6EFF1FFD1E55F0C8008D9858 /* PushNotificationViewController.swift in Sources */ = {isa = PBXBuildFile; fileRef = 6EFF1FFC1E55F0C8008D9858 /* PushNotificationViewController.swift */; };
		F55772411B2C65C100DF2649 /* AppDelegate.swift in Sources */ = {isa = PBXBuildFile; fileRef = F55772401B2C65C100DF2649 /* AppDelegate.swift */; };
		F55772461B2C65C100DF2649 /* Main.storyboard in Resources */ = {isa = PBXBuildFile; fileRef = F55772441B2C65C100DF2649 /* Main.storyboard */; };
		F55772481B2C65C100DF2649 /* Assets.xcassets in Resources */ = {isa = PBXBuildFile; fileRef = F55772471B2C65C100DF2649 /* Assets.xcassets */; };
		F557724B1B2C65C100DF2649 /* LaunchScreen.storyboard in Resources */ = {isa = PBXBuildFile; fileRef = F55772491B2C65C100DF2649 /* LaunchScreen.storyboard */; };
		F55772561B2C65C100DF2649 /* InterestsTests.swift in Sources */ = {isa = PBXBuildFile; fileRef = F55772551B2C65C100DF2649 /* InterestsTests.swift */; };
		F55772611B2C65C100DF2649 /* InterestsUITests.swift in Sources */ = {isa = PBXBuildFile; fileRef = F55772601B2C65C100DF2649 /* InterestsUITests.swift */; };
		F557726F1B2C661100DF2649 /* HomeViewController.swift in Sources */ = {isa = PBXBuildFile; fileRef = F557726E1B2C661100DF2649 /* HomeViewController.swift */; };
		F55772711B2C6A5400DF2649 /* Interest.swift in Sources */ = {isa = PBXBuildFile; fileRef = F55772701B2C6A5400DF2649 /* Interest.swift */; };
		F55772751B2C6C4300DF2649 /* InterestCollectionViewCell.swift in Sources */ = {isa = PBXBuildFile; fileRef = F55772741B2C6C4300DF2649 /* InterestCollectionViewCell.swift */; };
/* End PBXBuildFile section */

/* Begin PBXContainerItemProxy section */
		F55772521B2C65C100DF2649 /* PBXContainerItemProxy */ = {
			isa = PBXContainerItemProxy;
			containerPortal = F55772351B2C65C100DF2649 /* Project object */;
			proxyType = 1;
			remoteGlobalIDString = F557723C1B2C65C100DF2649;
			remoteInfo = Interests;
		};
		F557725D1B2C65C100DF2649 /* PBXContainerItemProxy */ = {
			isa = PBXContainerItemProxy;
			containerPortal = F55772351B2C65C100DF2649 /* Project object */;
			proxyType = 1;
			remoteGlobalIDString = F557723C1B2C65C100DF2649;
			remoteInfo = Interests;
		};
/* End PBXContainerItemProxy section */

/* Begin PBXFileReference section */
		09C292302379B975BB1D11FB /* Pods-CompassIOUITests.debug.xcconfig */ = {isa = PBXFileReference; includeInIndex = 1; lastKnownFileType = text.xcconfig; name = "Pods-CompassIOUITests.debug.xcconfig"; path = "Pods/Target Support Files/Pods-CompassIOUITests/Pods-CompassIOUITests.debug.xcconfig"; sourceTree = "<group>"; };
		13CDABBA72DC083171A46753 /* Pods-CompassIOTests.debug.xcconfig */ = {isa = PBXFileReference; includeInIndex = 1; lastKnownFileType = text.xcconfig; name = "Pods-CompassIOTests.debug.xcconfig"; path = "Pods/Target Support Files/Pods-CompassIOTests/Pods-CompassIOTests.debug.xcconfig"; sourceTree = "<group>"; };
		1B326E5103154A6EC97576DC /* Pods-CompassIO.debug.xcconfig */ = {isa = PBXFileReference; includeInIndex = 1; lastKnownFileType = text.xcconfig; name = "Pods-CompassIO.debug.xcconfig"; path = "Pods/Target Support Files/Pods-CompassIO/Pods-CompassIO.debug.xcconfig"; sourceTree = "<group>"; };
		36709B3048357C3CC49BD0BE /* Pods-CompassIOTests.release.xcconfig */ = {isa = PBXFileReference; includeInIndex = 1; lastKnownFileType = text.xcconfig; name = "Pods-CompassIOTests.release.xcconfig"; path = "Pods/Target Support Files/Pods-CompassIOTests/Pods-CompassIOTests.release.xcconfig"; sourceTree = "<group>"; };
		44AB9F82A3CD5819E5740173 /* Pods_CompassIOTests.framework */ = {isa = PBXFileReference; explicitFileType = wrapper.framework; includeInIndex = 0; path = Pods_CompassIOTests.framework; sourceTree = BUILT_PRODUCTS_DIR; };
		46261A5EA1B23365326E33BB /* Pods-CompassIOUITests.release.xcconfig */ = {isa = PBXFileReference; includeInIndex = 1; lastKnownFileType = text.xcconfig; name = "Pods-CompassIOUITests.release.xcconfig"; path = "Pods/Target Support Files/Pods-CompassIOUITests/Pods-CompassIOUITests.release.xcconfig"; sourceTree = "<group>"; };
		4776951A9ABCBC8000F9E680 /* Pods_CompassIO.framework */ = {isa = PBXFileReference; explicitFileType = wrapper.framework; includeInIndex = 0; path = Pods_CompassIO.framework; sourceTree = BUILT_PRODUCTS_DIR; };
		6C1E16902E7BCC1442977D9E /* Pods-CompassIO.release.xcconfig */ = {isa = PBXFileReference; includeInIndex = 1; lastKnownFileType = text.xcconfig; name = "Pods-CompassIO.release.xcconfig"; path = "Pods/Target Support Files/Pods-CompassIO/Pods-CompassIO.release.xcconfig"; sourceTree = "<group>"; };
		6E1340F81E52FE3D0040A59B /* SlideRightThenPopTransitionAnimator.swift */ = {isa = PBXFileReference; fileEncoding = 4; lastKnownFileType = sourcecode.swift; path = SlideRightThenPopTransitionAnimator.swift; sourceTree = "<group>"; };
		6E1341421E545C8E0040A59B /* CardView.swift */ = {isa = PBXFileReference; fileEncoding = 4; lastKnownFileType = sourcecode.swift; path = CardView.swift; sourceTree = "<group>"; };
		6E1341441E545EB80040A59B /* InterestButton.swift */ = {isa = PBXFileReference; fileEncoding = 4; lastKnownFileType = sourcecode.swift; path = InterestButton.swift; sourceTree = "<group>"; };
		6E1341481E5469120040A59B /* DiscoverTableViewCell.swift */ = {isa = PBXFileReference; fileEncoding = 4; lastKnownFileType = sourcecode.swift; path = DiscoverTableViewCell.swift; sourceTree = "<group>"; };
		6E13414A1E546C450040A59B /* DiscoverViewController.swift */ = {isa = PBXFileReference; fileEncoding = 4; lastKnownFileType = sourcecode.swift; path = DiscoverViewController.swift; sourceTree = "<group>"; };
		6E235CAA1E55E2F800385235 /* GoogleService-Info.plist */ = {isa = PBXFileReference; fileEncoding = 4; lastKnownFileType = text.plist.xml; path = "GoogleService-Info.plist"; sourceTree = "<group>"; };
		6E2E10231E47CF640027311F /* ActionButton.swift */ = {isa = PBXFileReference; fileEncoding = 4; lastKnownFileType = sourcecode.swift; path = ActionButton.swift; sourceTree = "<group>"; };
		6E2E10241E47CF640027311F /* ActionButtonItem.swift */ = {isa = PBXFileReference; fileEncoding = 4; lastKnownFileType = sourcecode.swift; path = ActionButtonItem.swift; sourceTree = "<group>"; };
		6E2E10271E48A9250027311F /* Comment.swift */ = {isa = PBXFileReference; fileEncoding = 4; lastKnownFileType = sourcecode.swift; path = Comment.swift; sourceTree = "<group>"; };
		6E2E10291E48A9B80027311F /* CommentsViewController.swift */ = {isa = PBXFileReference; fileEncoding = 4; lastKnownFileType = sourcecode.swift; path = CommentsViewController.swift; sourceTree = "<group>"; };
		6E2E102C1E48B2D60027311F /* CommentTableViewCell.swift */ = {isa = PBXFileReference; fileEncoding = 4; lastKnownFileType = sourcecode.swift; path = CommentTableViewCell.swift; sourceTree = "<group>"; };
		6E2E106B1E49FC440027311F /* AsyncButton.swift */ = {isa = PBXFileReference; fileEncoding = 4; lastKnownFileType = sourcecode.swift; path = AsyncButton.swift; sourceTree = "<group>"; };
		6E2E106C1E49FC440027311F /* AsyncImageView.swift */ = {isa = PBXFileReference; fileEncoding = 4; lastKnownFileType = sourcecode.swift; path = AsyncImageView.swift; sourceTree = "<group>"; };
		6E2E106D1E49FC440027311F /* AutoTextView.swift */ = {isa = PBXFileReference; fileEncoding = 4; lastKnownFileType = sourcecode.swift; path = AutoTextView.swift; sourceTree = "<group>"; };
		6E2E106E1E49FC440027311F /* BlurView.swift */ = {isa = PBXFileReference; fileEncoding = 4; lastKnownFileType = sourcecode.swift; path = BlurView.swift; sourceTree = "<group>"; };
		6E2E106F1E49FC440027311F /* DesignableButton.swift */ = {isa = PBXFileReference; fileEncoding = 4; lastKnownFileType = sourcecode.swift; path = DesignableButton.swift; sourceTree = "<group>"; };
		6E2E10701E49FC440027311F /* DesignableImageView.swift */ = {isa = PBXFileReference; fileEncoding = 4; lastKnownFileType = sourcecode.swift; path = DesignableImageView.swift; sourceTree = "<group>"; };
		6E2E10711E49FC440027311F /* DesignableLabel.swift */ = {isa = PBXFileReference; fileEncoding = 4; lastKnownFileType = sourcecode.swift; path = DesignableLabel.swift; sourceTree = "<group>"; };
		6E2E10721E49FC440027311F /* DesignableTabBarController.swift */ = {isa = PBXFileReference; fileEncoding = 4; lastKnownFileType = sourcecode.swift; path = DesignableTabBarController.swift; sourceTree = "<group>"; };
		6E2E10731E49FC440027311F /* DesignableTextField.swift */ = {isa = PBXFileReference; fileEncoding = 4; lastKnownFileType = sourcecode.swift; path = DesignableTextField.swift; sourceTree = "<group>"; };
		6E2E10741E49FC440027311F /* DesignableTextView.swift */ = {isa = PBXFileReference; fileEncoding = 4; lastKnownFileType = sourcecode.swift; path = DesignableTextView.swift; sourceTree = "<group>"; };
		6E2E10751E49FC440027311F /* DesignableView.swift */ = {isa = PBXFileReference; fileEncoding = 4; lastKnownFileType = sourcecode.swift; path = DesignableView.swift; sourceTree = "<group>"; };
		6E2E10761E49FC440027311F /* ImageLoader.swift */ = {isa = PBXFileReference; fileEncoding = 4; lastKnownFileType = sourcecode.swift; path = ImageLoader.swift; sourceTree = "<group>"; };
		6E2E10771E49FC440027311F /* Info.plist */ = {isa = PBXFileReference; fileEncoding = 4; lastKnownFileType = text.plist.xml; path = Info.plist; sourceTree = "<group>"; };
		6E2E10781E49FC440027311F /* KeyboardLayoutConstraint.swift */ = {isa = PBXFileReference; fileEncoding = 4; lastKnownFileType = sourcecode.swift; path = KeyboardLayoutConstraint.swift; sourceTree = "<group>"; };
		6E2E10791E49FC440027311F /* LoadingView.swift */ = {isa = PBXFileReference; fileEncoding = 4; lastKnownFileType = sourcecode.swift; path = LoadingView.swift; sourceTree = "<group>"; };
		6E2E107A1E49FC440027311F /* LoadingView.xib */ = {isa = PBXFileReference; fileEncoding = 4; lastKnownFileType = file.xib; path = LoadingView.xib; sourceTree = "<group>"; };
		6E2E107B1E49FC440027311F /* Misc.swift */ = {isa = PBXFileReference; fileEncoding = 4; lastKnownFileType = sourcecode.swift; path = Misc.swift; sourceTree = "<group>"; };
		6E2E107C1E49FC440027311F /* SoundPlayer.swift */ = {isa = PBXFileReference; fileEncoding = 4; lastKnownFileType = sourcecode.swift; path = SoundPlayer.swift; sourceTree = "<group>"; };
		6E2E107D1E49FC440027311F /* Spring.h */ = {isa = PBXFileReference; fileEncoding = 4; lastKnownFileType = sourcecode.c.h; path = Spring.h; sourceTree = "<group>"; };
		6E2E107E1E49FC440027311F /* Spring.swift */ = {isa = PBXFileReference; fileEncoding = 4; lastKnownFileType = sourcecode.swift; path = Spring.swift; sourceTree = "<group>"; };
		6E2E107F1E49FC440027311F /* SpringAnimation.swift */ = {isa = PBXFileReference; fileEncoding = 4; lastKnownFileType = sourcecode.swift; path = SpringAnimation.swift; sourceTree = "<group>"; };
		6E2E10801E49FC440027311F /* SpringButton.swift */ = {isa = PBXFileReference; fileEncoding = 4; lastKnownFileType = sourcecode.swift; path = SpringButton.swift; sourceTree = "<group>"; };
		6E2E10811E49FC440027311F /* SpringImageView.swift */ = {isa = PBXFileReference; fileEncoding = 4; lastKnownFileType = sourcecode.swift; path = SpringImageView.swift; sourceTree = "<group>"; };
		6E2E10821E49FC440027311F /* SpringLabel.swift */ = {isa = PBXFileReference; fileEncoding = 4; lastKnownFileType = sourcecode.swift; path = SpringLabel.swift; sourceTree = "<group>"; };
		6E2E10831E49FC440027311F /* SpringTextField.swift */ = {isa = PBXFileReference; fileEncoding = 4; lastKnownFileType = sourcecode.swift; path = SpringTextField.swift; sourceTree = "<group>"; };
		6E2E10841E49FC440027311F /* SpringTextView.swift */ = {isa = PBXFileReference; fileEncoding = 4; lastKnownFileType = sourcecode.swift; path = SpringTextView.swift; sourceTree = "<group>"; };
		6E2E10851E49FC440027311F /* SpringView.swift */ = {isa = PBXFileReference; fileEncoding = 4; lastKnownFileType = sourcecode.swift; path = SpringView.swift; sourceTree = "<group>"; };
		6E2E10861E49FC440027311F /* TransitionManager.swift */ = {isa = PBXFileReference; fileEncoding = 4; lastKnownFileType = sourcecode.swift; path = TransitionManager.swift; sourceTree = "<group>"; };
		6E2E10871E49FC440027311F /* TransitionZoom.swift */ = {isa = PBXFileReference; fileEncoding = 4; lastKnownFileType = sourcecode.swift; path = TransitionZoom.swift; sourceTree = "<group>"; };
		6E2E10881E49FC440027311F /* UnwindSegue.swift */ = {isa = PBXFileReference; fileEncoding = 4; lastKnownFileType = sourcecode.swift; path = UnwindSegue.swift; sourceTree = "<group>"; };
		6E2E10A61E4A00D80027311F /* NewInterestViewController.swift */ = {isa = PBXFileReference; fileEncoding = 4; lastKnownFileType = sourcecode.swift; path = NewInterestViewController.swift; sourceTree = "<group>"; };
		6E89AB911E59001800581A21 /* Constants.swift */ = {isa = PBXFileReference; fileEncoding = 4; lastKnownFileType = sourcecode.swift; path = Constants.swift; sourceTree = "<group>"; };
		6E89AB941E59BC2D00581A21 /* DataService.swift */ = {isa = PBXFileReference; fileEncoding = 4; lastKnownFileType = sourcecode.swift; path = DataService.swift; sourceTree = "<group>"; };
		6E9123D61E420A5900AA3687 /* Post.swift */ = {isa = PBXFileReference; fileEncoding = 4; lastKnownFileType = sourcecode.swift; path = Post.swift; sourceTree = "<group>"; };
		6E9123D71E420A5900AA3687 /* User.swift */ = {isa = PBXFileReference; fileEncoding = 4; lastKnownFileType = sourcecode.swift; path = User.swift; sourceTree = "<group>"; };
		6E9123DA1E420C0400AA3687 /* PostTableViewCell.swift */ = {isa = PBXFileReference; fileEncoding = 4; lastKnownFileType = sourcecode.swift; path = PostTableViewCell.swift; sourceTree = "<group>"; };
		6E9123E41E42A6A600AA3687 /* NewPostViewController.swift */ = {isa = PBXFileReference; fileEncoding = 4; lastKnownFileType = sourcecode.swift; path = NewPostViewController.swift; sourceTree = "<group>"; };
		6E946ED41E4B47EB003CE1CA /* SlideRightTransitionAnimator.swift */ = {isa = PBXFileReference; fileEncoding = 4; lastKnownFileType = sourcecode.swift; path = SlideRightTransitionAnimator.swift; sourceTree = "<group>"; };
		6E946F341E4E1718003CE1CA /* PopTransitionAnimator.swift */ = {isa = PBXFileReference; fileEncoding = 4; lastKnownFileType = sourcecode.swift; path = PopTransitionAnimator.swift; sourceTree = "<group>"; };
		6E97BECE1E5C61B800A9E00F /* InterestFIR.swift */ = {isa = PBXFileReference; fileEncoding = 4; lastKnownFileType = sourcecode.swift; path = InterestFIR.swift; sourceTree = "<group>"; };
		6EB61AB91E41F31300F6AB19 /* InterestViewController.swift */ = {isa = PBXFileReference; fileEncoding = 4; lastKnownFileType = sourcecode.swift; path = InterestViewController.swift; sourceTree = "<group>"; };
		6EB61ABB1E41F4AE00F6AB19 /* InterestHeaderView.swift */ = {isa = PBXFileReference; fileEncoding = 4; lastKnownFileType = sourcecode.swift; path = InterestHeaderView.swift; sourceTree = "<group>"; };
		6EC7BD251E56536700DD0927 /* SignInViewController.swift */ = {isa = PBXFileReference; fileEncoding = 4; lastKnownFileType = sourcecode.swift; path = SignInViewController.swift; sourceTree = "<group>"; };
		6EFF1FFB1E55E970008D9858 /* CompassIO.entitlements */ = {isa = PBXFileReference; lastKnownFileType = text.plist.entitlements; path = CompassIO.entitlements; sourceTree = "<group>"; };
		6EFF1FFC1E55F0C8008D9858 /* PushNotificationViewController.swift */ = {isa = PBXFileReference; fileEncoding = 4; lastKnownFileType = sourcecode.swift; path = PushNotificationViewController.swift; sourceTree = "<group>"; };
		70026F163173FF0058916ABE /* Pods_CompassIOUITests.framework */ = {isa = PBXFileReference; explicitFileType = wrapper.framework; includeInIndex = 0; path = Pods_CompassIOUITests.framework; sourceTree = BUILT_PRODUCTS_DIR; };
		F557723D1B2C65C100DF2649 /* CompassIO.app */ = {isa = PBXFileReference; explicitFileType = wrapper.application; includeInIndex = 0; path = CompassIO.app; sourceTree = BUILT_PRODUCTS_DIR; };
		F55772401B2C65C100DF2649 /* AppDelegate.swift */ = {isa = PBXFileReference; lastKnownFileType = sourcecode.swift; path = AppDelegate.swift; sourceTree = "<group>"; tabWidth = 4; };
		F55772451B2C65C100DF2649 /* Base */ = {isa = PBXFileReference; lastKnownFileType = file.storyboard; name = Base; path = Base.lproj/Main.storyboard; sourceTree = "<group>"; };
		F55772471B2C65C100DF2649 /* Assets.xcassets */ = {isa = PBXFileReference; lastKnownFileType = folder.assetcatalog; path = Assets.xcassets; sourceTree = "<group>"; };
		F557724A1B2C65C100DF2649 /* Base */ = {isa = PBXFileReference; lastKnownFileType = file.storyboard; name = Base; path = Base.lproj/LaunchScreen.storyboard; sourceTree = "<group>"; };
		F557724C1B2C65C100DF2649 /* Info.plist */ = {isa = PBXFileReference; lastKnownFileType = text.plist.xml; path = Info.plist; sourceTree = "<group>"; };
		F55772511B2C65C100DF2649 /* CompassIOTests.xctest */ = {isa = PBXFileReference; explicitFileType = wrapper.cfbundle; includeInIndex = 0; path = CompassIOTests.xctest; sourceTree = BUILT_PRODUCTS_DIR; };
		F55772551B2C65C100DF2649 /* InterestsTests.swift */ = {isa = PBXFileReference; lastKnownFileType = sourcecode.swift; path = InterestsTests.swift; sourceTree = "<group>"; };
		F55772571B2C65C100DF2649 /* Info.plist */ = {isa = PBXFileReference; lastKnownFileType = text.plist.xml; path = Info.plist; sourceTree = "<group>"; };
		F557725C1B2C65C100DF2649 /* CompassIOUITests.xctest */ = {isa = PBXFileReference; explicitFileType = wrapper.cfbundle; includeInIndex = 0; path = CompassIOUITests.xctest; sourceTree = BUILT_PRODUCTS_DIR; };
		F55772601B2C65C100DF2649 /* InterestsUITests.swift */ = {isa = PBXFileReference; lastKnownFileType = sourcecode.swift; path = InterestsUITests.swift; sourceTree = "<group>"; };
		F55772621B2C65C100DF2649 /* Info.plist */ = {isa = PBXFileReference; lastKnownFileType = text.plist.xml; path = Info.plist; sourceTree = "<group>"; };
		F557726E1B2C661100DF2649 /* HomeViewController.swift */ = {isa = PBXFileReference; fileEncoding = 4; lastKnownFileType = sourcecode.swift; path = HomeViewController.swift; sourceTree = "<group>"; };
		F55772701B2C6A5400DF2649 /* Interest.swift */ = {isa = PBXFileReference; fileEncoding = 4; lastKnownFileType = sourcecode.swift; path = Interest.swift; sourceTree = "<group>"; };
		F55772741B2C6C4300DF2649 /* InterestCollectionViewCell.swift */ = {isa = PBXFileReference; fileEncoding = 4; lastKnownFileType = sourcecode.swift; path = InterestCollectionViewCell.swift; sourceTree = "<group>"; };
/* End PBXFileReference section */

/* Begin PBXFrameworksBuildPhase section */
		F557723A1B2C65C100DF2649 /* Frameworks */ = {
			isa = PBXFrameworksBuildPhase;
			buildActionMask = 2147483647;
			files = (
				5D07C3740557198433303BDC /* Pods_CompassIO.framework in Frameworks */,
			);
			runOnlyForDeploymentPostprocessing = 0;
		};
		F557724E1B2C65C100DF2649 /* Frameworks */ = {
			isa = PBXFrameworksBuildPhase;
			buildActionMask = 2147483647;
			files = (
				0406E95520B0FA349BB2BB5B /* Pods_CompassIOTests.framework in Frameworks */,
			);
			runOnlyForDeploymentPostprocessing = 0;
		};
		F55772591B2C65C100DF2649 /* Frameworks */ = {
			isa = PBXFrameworksBuildPhase;
			buildActionMask = 2147483647;
			files = (
				1A46D3C6049D692597169387 /* Pods_CompassIOUITests.framework in Frameworks */,
			);
			runOnlyForDeploymentPostprocessing = 0;
		};
/* End PBXFrameworksBuildPhase section */

/* Begin PBXGroup section */
		6E1341471E5460A10040A59B /* Discover */ = {
			isa = PBXGroup;
			children = (
				6E1341421E545C8E0040A59B /* CardView.swift */,
				6E1341481E5469120040A59B /* DiscoverTableViewCell.swift */,
				6E1341441E545EB80040A59B /* InterestButton.swift */,
				6E13414A1E546C450040A59B /* DiscoverViewController.swift */,
			);
			name = Discover;
			sourceTree = "<group>";
		};
		6E2E10221E47CF640027311F /* floating-button */ = {
			isa = PBXGroup;
			children = (
				6E2E10231E47CF640027311F /* ActionButton.swift */,
				6E2E10241E47CF640027311F /* ActionButtonItem.swift */,
			);
			name = "floating-button";
			path = "../floating-button";
			sourceTree = "<group>";
		};
		6E2E102B1E48A9BE0027311F /* Comments Screen */ = {
			isa = PBXGroup;
			children = (
				6E2E10291E48A9B80027311F /* CommentsViewController.swift */,
				6E2E102C1E48B2D60027311F /* CommentTableViewCell.swift */,
			);
			name = "Comments Screen";
			path = ..;
			sourceTree = "<group>";
		};
		6E2E106A1E49FC440027311F /* Spring2 */ = {
			isa = PBXGroup;
			children = (
				6E2E106B1E49FC440027311F /* AsyncButton.swift */,
				6E2E106C1E49FC440027311F /* AsyncImageView.swift */,
				6E2E106D1E49FC440027311F /* AutoTextView.swift */,
				6E2E106E1E49FC440027311F /* BlurView.swift */,
				6E2E106F1E49FC440027311F /* DesignableButton.swift */,
				6E2E10701E49FC440027311F /* DesignableImageView.swift */,
				6E2E10711E49FC440027311F /* DesignableLabel.swift */,
				6E2E10721E49FC440027311F /* DesignableTabBarController.swift */,
				6E2E10731E49FC440027311F /* DesignableTextField.swift */,
				6E2E10741E49FC440027311F /* DesignableTextView.swift */,
				6E2E10751E49FC440027311F /* DesignableView.swift */,
				6E2E10761E49FC440027311F /* ImageLoader.swift */,
				6E2E10771E49FC440027311F /* Info.plist */,
				6E2E10781E49FC440027311F /* KeyboardLayoutConstraint.swift */,
				6E2E10791E49FC440027311F /* LoadingView.swift */,
				6E2E107A1E49FC440027311F /* LoadingView.xib */,
				6E2E107B1E49FC440027311F /* Misc.swift */,
				6E2E107C1E49FC440027311F /* SoundPlayer.swift */,
				6E2E107D1E49FC440027311F /* Spring.h */,
				6E2E107E1E49FC440027311F /* Spring.swift */,
				6E2E107F1E49FC440027311F /* SpringAnimation.swift */,
				6E2E10801E49FC440027311F /* SpringButton.swift */,
				6E2E10811E49FC440027311F /* SpringImageView.swift */,
				6E2E10821E49FC440027311F /* SpringLabel.swift */,
				6E2E10831E49FC440027311F /* SpringTextField.swift */,
				6E2E10841E49FC440027311F /* SpringTextView.swift */,
				6E2E10851E49FC440027311F /* SpringView.swift */,
				6E2E10861E49FC440027311F /* TransitionManager.swift */,
				6E2E10871E49FC440027311F /* TransitionZoom.swift */,
				6E2E10881E49FC440027311F /* UnwindSegue.swift */,
			);
			path = Spring2;
			sourceTree = "<group>";
		};
		6E89AB901E58FFF000581A21 /* Util */ = {
			isa = PBXGroup;
			children = (
				6E89AB911E59001800581A21 /* Constants.swift */,
			);
			name = Util;
			sourceTree = "<group>";
		};
		6E89AB931E59BC1300581A21 /* Services */ = {
			isa = PBXGroup;
			children = (
				6E89AB941E59BC2D00581A21 /* DataService.swift */,
			);
			name = Services;
			sourceTree = "<group>";
		};
		6E946ED61E4B5827003CE1CA /* Transition Animations */ = {
			isa = PBXGroup;
			children = (
				6E946ED41E4B47EB003CE1CA /* SlideRightTransitionAnimator.swift */,
				6E946F341E4E1718003CE1CA /* PopTransitionAnimator.swift */,
				6E1340F81E52FE3D0040A59B /* SlideRightThenPopTransitionAnimator.swift */,
			);
			name = "Transition Animations";
			sourceTree = "<group>";
		};
		6EB61AB81E41F2AF00F6AB19 /* Interest Screen */ = {
			isa = PBXGroup;
			children = (
				6EB61AB91E41F31300F6AB19 /* InterestViewController.swift */,
				6E9123DA1E420C0400AA3687 /* PostTableViewCell.swift */,
				6EB61ABB1E41F4AE00F6AB19 /* InterestHeaderView.swift */,
				6E9123E41E42A6A600AA3687 /* NewPostViewController.swift */,
			);
			name = "Interest Screen";
			path = ..;
			sourceTree = "<group>";
		};
		6EC7BD241E56532700DD0927 /* Login */ = {
			isa = PBXGroup;
			children = (
				6EC7BD251E56536700DD0927 /* SignInViewController.swift */,
			);
			name = Login;
			sourceTree = "<group>";
		};
		8A555082E44C5DC686C1C20A /* Frameworks */ = {
			isa = PBXGroup;
			children = (
				4776951A9ABCBC8000F9E680 /* Pods_CompassIO.framework */,
				44AB9F82A3CD5819E5740173 /* Pods_CompassIOTests.framework */,
				70026F163173FF0058916ABE /* Pods_CompassIOUITests.framework */,
			);
			name = Frameworks;
			sourceTree = "<group>";
		};
		A35CDD119A48A5DDEA5B2FB3 /* Pods */ = {
			isa = PBXGroup;
			children = (
				1B326E5103154A6EC97576DC /* Pods-CompassIO.debug.xcconfig */,
				6C1E16902E7BCC1442977D9E /* Pods-CompassIO.release.xcconfig */,
				13CDABBA72DC083171A46753 /* Pods-CompassIOTests.debug.xcconfig */,
				36709B3048357C3CC49BD0BE /* Pods-CompassIOTests.release.xcconfig */,
				09C292302379B975BB1D11FB /* Pods-CompassIOUITests.debug.xcconfig */,
				46261A5EA1B23365326E33BB /* Pods-CompassIOUITests.release.xcconfig */,
			);
			name = Pods;
			sourceTree = "<group>";
		};
		F55772341B2C65C100DF2649 = {
			isa = PBXGroup;
			children = (
				6EFF1FFB1E55E970008D9858 /* CompassIO.entitlements */,
				F557723F1B2C65C100DF2649 /* Interests */,
				F55772541B2C65C100DF2649 /* InterestsTests */,
				F557725F1B2C65C100DF2649 /* InterestsUITests */,
				F557723E1B2C65C100DF2649 /* Products */,
				A35CDD119A48A5DDEA5B2FB3 /* Pods */,
				8A555082E44C5DC686C1C20A /* Frameworks */,
			);
			sourceTree = "<group>";
		};
		F557723E1B2C65C100DF2649 /* Products */ = {
			isa = PBXGroup;
			children = (
				F557723D1B2C65C100DF2649 /* CompassIO.app */,
				F55772511B2C65C100DF2649 /* CompassIOTests.xctest */,
				F557725C1B2C65C100DF2649 /* CompassIOUITests.xctest */,
			);
			name = Products;
			sourceTree = "<group>";
		};
		F557723F1B2C65C100DF2649 /* Interests */ = {
			isa = PBXGroup;
			children = (
				F55772401B2C65C100DF2649 /* AppDelegate.swift */,
				6E89AB931E59BC1300581A21 /* Services */,
				F55772731B2C6AD000DF2649 /* Home Screen */,
				6EB61AB81E41F2AF00F6AB19 /* Interest Screen */,
				6E2E102B1E48A9BE0027311F /* Comments Screen */,
				6E1341471E5460A10040A59B /* Discover */,
				F55772721B2C6ACA00DF2649 /* Model */,
				6E2E106A1E49FC440027311F /* Spring2 */,
				F55772441B2C65C100DF2649 /* Main.storyboard */,
				F55772471B2C65C100DF2649 /* Assets.xcassets */,
				6E89AB901E58FFF000581A21 /* Util */,
				6EC7BD241E56532700DD0927 /* Login */,
				F55772491B2C65C100DF2649 /* LaunchScreen.storyboard */,
				F557724C1B2C65C100DF2649 /* Info.plist */,
				6E235CAA1E55E2F800385235 /* GoogleService-Info.plist */,
				6E946ED61E4B5827003CE1CA /* Transition Animations */,
				6E2E10221E47CF640027311F /* floating-button */,
				6EFF1FFC1E55F0C8008D9858 /* PushNotificationViewController.swift */,
			);
			path = Interests;
			sourceTree = "<group>";
		};
		F55772541B2C65C100DF2649 /* InterestsTests */ = {
			isa = PBXGroup;
			children = (
				F55772551B2C65C100DF2649 /* InterestsTests.swift */,
				F55772571B2C65C100DF2649 /* Info.plist */,
			);
			path = InterestsTests;
			sourceTree = "<group>";
		};
		F557725F1B2C65C100DF2649 /* InterestsUITests */ = {
			isa = PBXGroup;
			children = (
				F55772601B2C65C100DF2649 /* InterestsUITests.swift */,
				F55772621B2C65C100DF2649 /* Info.plist */,
			);
			path = InterestsUITests;
			sourceTree = "<group>";
		};
		F55772721B2C6ACA00DF2649 /* Model */ = {
			isa = PBXGroup;
			children = (
				6E2E10271E48A9250027311F /* Comment.swift */,
				6E9123D61E420A5900AA3687 /* Post.swift */,
				6E9123D71E420A5900AA3687 /* User.swift */,
				F55772701B2C6A5400DF2649 /* Interest.swift */,
				6E97BECE1E5C61B800A9E00F /* InterestFIR.swift */,
			);
			name = Model;
			sourceTree = "<group>";
		};
		F55772731B2C6AD000DF2649 /* Home Screen */ = {
			isa = PBXGroup;
			children = (
				F557726E1B2C661100DF2649 /* HomeViewController.swift */,
				F55772741B2C6C4300DF2649 /* InterestCollectionViewCell.swift */,
				6E2E10A61E4A00D80027311F /* NewInterestViewController.swift */,
			);
			name = "Home Screen";
			sourceTree = "<group>";
		};
/* End PBXGroup section */

/* Begin PBXNativeTarget section */
		F557723C1B2C65C100DF2649 /* CompassIO */ = {
			isa = PBXNativeTarget;
			buildConfigurationList = F55772651B2C65C100DF2649 /* Build configuration list for PBXNativeTarget "CompassIO" */;
			buildPhases = (
				4BDB0DBA7C70BB6173ED774B /* [CP] Check Pods Manifest.lock */,
				F55772391B2C65C100DF2649 /* Sources */,
				F557723A1B2C65C100DF2649 /* Frameworks */,
				F557723B1B2C65C100DF2649 /* Resources */,
				ADAAEC6DD7EDDE08025646FB /* [CP] Embed Pods Frameworks */,
				665D805E0215F9AAE72907D4 /* [CP] Copy Pods Resources */,
			);
			buildRules = (
			);
			dependencies = (
			);
			name = CompassIO;
			productName = Interests;
			productReference = F557723D1B2C65C100DF2649 /* CompassIO.app */;
			productType = "com.apple.product-type.application";
		};
		F55772501B2C65C100DF2649 /* CompassIOTests */ = {
			isa = PBXNativeTarget;
			buildConfigurationList = F55772681B2C65C100DF2649 /* Build configuration list for PBXNativeTarget "CompassIOTests" */;
			buildPhases = (
				2DCB25A887286E219E49D596 /* [CP] Check Pods Manifest.lock */,
				F557724D1B2C65C100DF2649 /* Sources */,
				F557724E1B2C65C100DF2649 /* Frameworks */,
				F557724F1B2C65C100DF2649 /* Resources */,
				FDBEC1A2108F58CD730F7758 /* [CP] Embed Pods Frameworks */,
				E75B498C657C194684ECE519 /* [CP] Copy Pods Resources */,
			);
			buildRules = (
			);
			dependencies = (
				F55772531B2C65C100DF2649 /* PBXTargetDependency */,
			);
			name = CompassIOTests;
			productName = InterestsTests;
			productReference = F55772511B2C65C100DF2649 /* CompassIOTests.xctest */;
			productType = "com.apple.product-type.bundle.unit-test";
		};
		F557725B1B2C65C100DF2649 /* CompassIOUITests */ = {
			isa = PBXNativeTarget;
			buildConfigurationList = F557726B1B2C65C100DF2649 /* Build configuration list for PBXNativeTarget "CompassIOUITests" */;
			buildPhases = (
				B3D63B46D77A939297D66DAD /* [CP] Check Pods Manifest.lock */,
				F55772581B2C65C100DF2649 /* Sources */,
				F55772591B2C65C100DF2649 /* Frameworks */,
				F557725A1B2C65C100DF2649 /* Resources */,
				0FC202C6E335068C6E44B30F /* [CP] Copy Pods Resources */,
			);
			buildRules = (
			);
			dependencies = (
				F557725E1B2C65C100DF2649 /* PBXTargetDependency */,
			);
			name = CompassIOUITests;
			productName = InterestsUITests;
			productReference = F557725C1B2C65C100DF2649 /* CompassIOUITests.xctest */;
			productType = "com.apple.product-type.bundle.ui-testing";
		};
/* End PBXNativeTarget section */

/* Begin PBXProject section */
		F55772351B2C65C100DF2649 /* Project object */ = {
			isa = PBXProject;
			attributes = {
				LastUpgradeCheck = 0700;
				ORGANIZATIONNAME = LogicAppSourceIO;
				TargetAttributes = {
					F557723C1B2C65C100DF2649 = {
						CreatedOnToolsVersion = 7.0;
						DevelopmentTeam = JWZKK84V7N;
						LastSwiftMigration = 0800;
						SystemCapabilities = {
							com.apple.Keychain = {
								enabled = 0;
							};
							com.apple.Push = {
								enabled = 1;
							};
						};
					};
					F55772501B2C65C100DF2649 = {
						CreatedOnToolsVersion = 7.0;
						LastSwiftMigration = 0800;
						TestTargetID = F557723C1B2C65C100DF2649;
					};
					F557725B1B2C65C100DF2649 = {
						CreatedOnToolsVersion = 7.0;
						LastSwiftMigration = 0800;
						TestTargetID = F557723C1B2C65C100DF2649;
					};
				};
			};
			buildConfigurationList = F55772381B2C65C100DF2649 /* Build configuration list for PBXProject "CompassIO" */;
			compatibilityVersion = "Xcode 3.2";
			developmentRegion = English;
			hasScannedForEncodings = 0;
			knownRegions = (
				en,
				Base,
			);
			mainGroup = F55772341B2C65C100DF2649;
			productRefGroup = F557723E1B2C65C100DF2649 /* Products */;
			projectDirPath = "";
			projectRoot = "";
			targets = (
				F557723C1B2C65C100DF2649 /* CompassIO */,
				F55772501B2C65C100DF2649 /* CompassIOTests */,
				F557725B1B2C65C100DF2649 /* CompassIOUITests */,
			);
		};
/* End PBXProject section */

/* Begin PBXResourcesBuildPhase section */
		F557723B1B2C65C100DF2649 /* Resources */ = {
			isa = PBXResourcesBuildPhase;
			buildActionMask = 2147483647;
			files = (
				6E2E10951E49FC440027311F /* Info.plist in Resources */,
				F557724B1B2C65C100DF2649 /* LaunchScreen.storyboard in Resources */,
				F55772481B2C65C100DF2649 /* Assets.xcassets in Resources */,
				F55772461B2C65C100DF2649 /* Main.storyboard in Resources */,
				6E2E10981E49FC440027311F /* LoadingView.xib in Resources */,
				6E235CAB1E55E2F800385235 /* GoogleService-Info.plist in Resources */,
			);
			runOnlyForDeploymentPostprocessing = 0;
		};
		F557724F1B2C65C100DF2649 /* Resources */ = {
			isa = PBXResourcesBuildPhase;
			buildActionMask = 2147483647;
			files = (
			);
			runOnlyForDeploymentPostprocessing = 0;
		};
		F557725A1B2C65C100DF2649 /* Resources */ = {
			isa = PBXResourcesBuildPhase;
			buildActionMask = 2147483647;
			files = (
			);
			runOnlyForDeploymentPostprocessing = 0;
		};
/* End PBXResourcesBuildPhase section */

/* Begin PBXShellScriptBuildPhase section */
		0FC202C6E335068C6E44B30F /* [CP] Copy Pods Resources */ = {
			isa = PBXShellScriptBuildPhase;
			buildActionMask = 2147483647;
			files = (
			);
			inputPaths = (
			);
			name = "[CP] Copy Pods Resources";
			outputPaths = (
			);
			runOnlyForDeploymentPostprocessing = 0;
			shellPath = /bin/sh;
			shellScript = "\"${SRCROOT}/Pods/Target Support Files/Pods-CompassIOUITests/Pods-CompassIOUITests-resources.sh\"\n";
			showEnvVarsInLog = 0;
		};
		2DCB25A887286E219E49D596 /* [CP] Check Pods Manifest.lock */ = {
			isa = PBXShellScriptBuildPhase;
			buildActionMask = 2147483647;
			files = (
			);
			inputPaths = (
			);
			name = "[CP] Check Pods Manifest.lock";
			outputPaths = (
			);
			runOnlyForDeploymentPostprocessing = 0;
			shellPath = /bin/sh;
			shellScript = "diff \"${PODS_ROOT}/../Podfile.lock\" \"${PODS_ROOT}/Manifest.lock\" > /dev/null\nif [[ $? != 0 ]] ; then\n    cat << EOM\nerror: The sandbox is not in sync with the Podfile.lock. Run 'pod install' or update your CocoaPods installation.\nEOM\n    exit 1\nfi\n";
			showEnvVarsInLog = 0;
		};
		4BDB0DBA7C70BB6173ED774B /* [CP] Check Pods Manifest.lock */ = {
			isa = PBXShellScriptBuildPhase;
			buildActionMask = 2147483647;
			files = (
			);
			inputPaths = (
			);
			name = "[CP] Check Pods Manifest.lock";
			outputPaths = (
			);
			runOnlyForDeploymentPostprocessing = 0;
			shellPath = /bin/sh;
			shellScript = "diff \"${PODS_ROOT}/../Podfile.lock\" \"${PODS_ROOT}/Manifest.lock\" > /dev/null\nif [[ $? != 0 ]] ; then\n    cat << EOM\nerror: The sandbox is not in sync with the Podfile.lock. Run 'pod install' or update your CocoaPods installation.\nEOM\n    exit 1\nfi\n";
			showEnvVarsInLog = 0;
		};
		665D805E0215F9AAE72907D4 /* [CP] Copy Pods Resources */ = {
			isa = PBXShellScriptBuildPhase;
			buildActionMask = 2147483647;
			files = (
			);
			inputPaths = (
			);
			name = "[CP] Copy Pods Resources";
			outputPaths = (
			);
			runOnlyForDeploymentPostprocessing = 0;
			shellPath = /bin/sh;
			shellScript = "\"${SRCROOT}/Pods/Target Support Files/Pods-CompassIO/Pods-CompassIO-resources.sh\"\n";
			showEnvVarsInLog = 0;
		};
		ADAAEC6DD7EDDE08025646FB /* [CP] Embed Pods Frameworks */ = {
			isa = PBXShellScriptBuildPhase;
			buildActionMask = 2147483647;
			files = (
			);
			inputPaths = (
			);
			name = "[CP] Embed Pods Frameworks";
			outputPaths = (
			);
			runOnlyForDeploymentPostprocessing = 0;
			shellPath = /bin/sh;
			shellScript = "\"${SRCROOT}/Pods/Target Support Files/Pods-CompassIO/Pods-CompassIO-frameworks.sh\"\n";
			showEnvVarsInLog = 0;
		};
		B3D63B46D77A939297D66DAD /* [CP] Check Pods Manifest.lock */ = {
			isa = PBXShellScriptBuildPhase;
			buildActionMask = 2147483647;
			files = (
			);
			inputPaths = (
			);
			name = "[CP] Check Pods Manifest.lock";
			outputPaths = (
			);
			runOnlyForDeploymentPostprocessing = 0;
			shellPath = /bin/sh;
			shellScript = "diff \"${PODS_ROOT}/../Podfile.lock\" \"${PODS_ROOT}/Manifest.lock\" > /dev/null\nif [[ $? != 0 ]] ; then\n    cat << EOM\nerror: The sandbox is not in sync with the Podfile.lock. Run 'pod install' or update your CocoaPods installation.\nEOM\n    exit 1\nfi\n";
			showEnvVarsInLog = 0;
		};
		E75B498C657C194684ECE519 /* [CP] Copy Pods Resources */ = {
			isa = PBXShellScriptBuildPhase;
			buildActionMask = 2147483647;
			files = (
			);
			inputPaths = (
			);
			name = "[CP] Copy Pods Resources";
			outputPaths = (
			);
			runOnlyForDeploymentPostprocessing = 0;
			shellPath = /bin/sh;
			shellScript = "\"${SRCROOT}/Pods/Target Support Files/Pods-CompassIOTests/Pods-CompassIOTests-resources.sh\"\n";
			showEnvVarsInLog = 0;
		};
		FDBEC1A2108F58CD730F7758 /* [CP] Embed Pods Frameworks */ = {
			isa = PBXShellScriptBuildPhase;
			buildActionMask = 2147483647;
			files = (
			);
			inputPaths = (
			);
			name = "[CP] Embed Pods Frameworks";
			outputPaths = (
			);
			runOnlyForDeploymentPostprocessing = 0;
			shellPath = /bin/sh;
			shellScript = "\"${SRCROOT}/Pods/Target Support Files/Pods-CompassIOTests/Pods-CompassIOTests-frameworks.sh\"\n";
			showEnvVarsInLog = 0;
		};
/* End PBXShellScriptBuildPhase section */

/* Begin PBXSourcesBuildPhase section */
		F55772391B2C65C100DF2649 /* Sources */ = {
			isa = PBXSourcesBuildPhase;
			buildActionMask = 2147483647;
			files = (
				6E2E109A1E49FC440027311F /* SoundPlayer.swift in Sources */,
				F55772751B2C6C4300DF2649 /* InterestCollectionViewCell.swift in Sources */,
				6E2E109E1E49FC440027311F /* SpringImageView.swift in Sources */,
				F55772711B2C6A5400DF2649 /* Interest.swift in Sources */,
				6E2E102A1E48A9B80027311F /* CommentsViewController.swift in Sources */,
				6E2E10991E49FC440027311F /* Misc.swift in Sources */,
				6E2E108D1E49FC440027311F /* DesignableButton.swift in Sources */,
				6EB61ABA1E41F31300F6AB19 /* InterestViewController.swift in Sources */,
				6E2E10941E49FC440027311F /* ImageLoader.swift in Sources */,
				6E89AB951E59BC2D00581A21 /* DataService.swift in Sources */,
				6E1341451E545EB80040A59B /* InterestButton.swift in Sources */,
				6E2E10251E47CF640027311F /* ActionButton.swift in Sources */,
				6EB61ABC1E41F4AE00F6AB19 /* InterestHeaderView.swift in Sources */,
				6E2E10891E49FC440027311F /* AsyncButton.swift in Sources */,
				6E946F351E4E1718003CE1CA /* PopTransitionAnimator.swift in Sources */,
				6E2E10A51E49FC440027311F /* UnwindSegue.swift in Sources */,
				6E97BECF1E5C61B800A9E00F /* InterestFIR.swift in Sources */,
				6E9123D91E420A5900AA3687 /* User.swift in Sources */,
				6E1341431E545C8E0040A59B /* CardView.swift in Sources */,
				6E2E102D1E48B2D60027311F /* CommentTableViewCell.swift in Sources */,
				6E2E10A71E4A00D80027311F /* NewInterestViewController.swift in Sources */,
				6E1341491E5469120040A59B /* DiscoverTableViewCell.swift in Sources */,
				6E2E108F1E49FC440027311F /* DesignableLabel.swift in Sources */,
				6E2E10A41E49FC440027311F /* TransitionZoom.swift in Sources */,
				6E2E109F1E49FC440027311F /* SpringLabel.swift in Sources */,
				6E2E10A31E49FC440027311F /* TransitionManager.swift in Sources */,
				6E2E10261E47CF640027311F /* ActionButtonItem.swift in Sources */,
				F55772411B2C65C100DF2649 /* AppDelegate.swift in Sources */,
				6E2E10281E48A9250027311F /* Comment.swift in Sources */,
				6E2E108E1E49FC440027311F /* DesignableImageView.swift in Sources */,
				6E2E109C1E49FC440027311F /* SpringAnimation.swift in Sources */,
				6E2E10901E49FC440027311F /* DesignableTabBarController.swift in Sources */,
				6E2E10931E49FC440027311F /* DesignableView.swift in Sources */,
				6E2E108B1E49FC440027311F /* AutoTextView.swift in Sources */,
				6E2E10921E49FC440027311F /* DesignableTextView.swift in Sources */,
				6EFF1FFD1E55F0C8008D9858 /* PushNotificationViewController.swift in Sources */,
				6E9123D81E420A5900AA3687 /* Post.swift in Sources */,
				6E2E108A1E49FC440027311F /* AsyncImageView.swift in Sources */,
				6E2E10911E49FC440027311F /* DesignableTextField.swift in Sources */,
				6E2E10A11E49FC440027311F /* SpringTextView.swift in Sources */,
				F557726F1B2C661100DF2649 /* HomeViewController.swift in Sources */,
				6E2E10A01E49FC440027311F /* SpringTextField.swift in Sources */,
				6E2E109B1E49FC440027311F /* Spring.swift in Sources */,
				6E1340F91E52FE3D0040A59B /* SlideRightThenPopTransitionAnimator.swift in Sources */,
				6E2E108C1E49FC440027311F /* BlurView.swift in Sources */,
				6E2E10971E49FC440027311F /* LoadingView.swift in Sources */,
				6EC7BD261E56536700DD0927 /* SignInViewController.swift in Sources */,
				6E946ED51E4B47EB003CE1CA /* SlideRightTransitionAnimator.swift in Sources */,
				6E2E109D1E49FC440027311F /* SpringButton.swift in Sources */,
				6E2E10961E49FC440027311F /* KeyboardLayoutConstraint.swift in Sources */,
				6E9123DB1E420C0400AA3687 /* PostTableViewCell.swift in Sources */,
				6E9123E51E42A6A600AA3687 /* NewPostViewController.swift in Sources */,
				6E89AB921E59001800581A21 /* Constants.swift in Sources */,
				6E2E10A21E49FC440027311F /* SpringView.swift in Sources */,
				6E13414B1E546C450040A59B /* DiscoverViewController.swift in Sources */,
			);
			runOnlyForDeploymentPostprocessing = 0;
		};
		F557724D1B2C65C100DF2649 /* Sources */ = {
			isa = PBXSourcesBuildPhase;
			buildActionMask = 2147483647;
			files = (
				F55772561B2C65C100DF2649 /* InterestsTests.swift in Sources */,
			);
			runOnlyForDeploymentPostprocessing = 0;
		};
		F55772581B2C65C100DF2649 /* Sources */ = {
			isa = PBXSourcesBuildPhase;
			buildActionMask = 2147483647;
			files = (
				F55772611B2C65C100DF2649 /* InterestsUITests.swift in Sources */,
			);
			runOnlyForDeploymentPostprocessing = 0;
		};
/* End PBXSourcesBuildPhase section */

/* Begin PBXTargetDependency section */
		F55772531B2C65C100DF2649 /* PBXTargetDependency */ = {
			isa = PBXTargetDependency;
			target = F557723C1B2C65C100DF2649 /* CompassIO */;
			targetProxy = F55772521B2C65C100DF2649 /* PBXContainerItemProxy */;
		};
		F557725E1B2C65C100DF2649 /* PBXTargetDependency */ = {
			isa = PBXTargetDependency;
			target = F557723C1B2C65C100DF2649 /* CompassIO */;
			targetProxy = F557725D1B2C65C100DF2649 /* PBXContainerItemProxy */;
		};
/* End PBXTargetDependency section */

/* Begin PBXVariantGroup section */
		F55772441B2C65C100DF2649 /* Main.storyboard */ = {
			isa = PBXVariantGroup;
			children = (
				F55772451B2C65C100DF2649 /* Base */,
			);
			name = Main.storyboard;
			sourceTree = "<group>";
		};
		F55772491B2C65C100DF2649 /* LaunchScreen.storyboard */ = {
			isa = PBXVariantGroup;
			children = (
				F557724A1B2C65C100DF2649 /* Base */,
			);
			name = LaunchScreen.storyboard;
			sourceTree = "<group>";
		};
/* End PBXVariantGroup section */

/* Begin XCBuildConfiguration section */
		F55772631B2C65C100DF2649 /* Debug */ = {
			isa = XCBuildConfiguration;
			buildSettings = {
				ALWAYS_SEARCH_USER_PATHS = NO;
				CLANG_CXX_LANGUAGE_STANDARD = "gnu++0x";
				CLANG_CXX_LIBRARY = "libc++";
				CLANG_ENABLE_MODULES = YES;
				CLANG_ENABLE_OBJC_ARC = YES;
				CLANG_WARN_BOOL_CONVERSION = YES;
				CLANG_WARN_CONSTANT_CONVERSION = YES;
				CLANG_WARN_DIRECT_OBJC_ISA_USAGE = YES_ERROR;
				CLANG_WARN_EMPTY_BODY = YES;
				CLANG_WARN_ENUM_CONVERSION = YES;
				CLANG_WARN_INT_CONVERSION = YES;
				CLANG_WARN_OBJC_ROOT_CLASS = YES_ERROR;
				CLANG_WARN_UNREACHABLE_CODE = YES;
				CLANG_WARN__DUPLICATE_METHOD_MATCH = YES;
				"CODE_SIGN_IDENTITY[sdk=iphoneos*]" = "iPhone Developer";
				COPY_PHASE_STRIP = NO;
				DEBUG_INFORMATION_FORMAT = dwarf;
				ENABLE_STRICT_OBJC_MSGSEND = YES;
				ENABLE_TESTABILITY = YES;
				GCC_C_LANGUAGE_STANDARD = gnu99;
				GCC_DYNAMIC_NO_PIC = NO;
				GCC_NO_COMMON_BLOCKS = YES;
				GCC_OPTIMIZATION_LEVEL = 0;
				GCC_PREPROCESSOR_DEFINITIONS = (
					"DEBUG=1",
					"$(inherited)",
				);
				GCC_WARN_64_TO_32_BIT_CONVERSION = YES;
				GCC_WARN_ABOUT_RETURN_TYPE = YES_ERROR;
				GCC_WARN_UNDECLARED_SELECTOR = YES;
				GCC_WARN_UNINITIALIZED_AUTOS = YES_AGGRESSIVE;
				GCC_WARN_UNUSED_FUNCTION = YES;
				GCC_WARN_UNUSED_VARIABLE = YES;
				IPHONEOS_DEPLOYMENT_TARGET = 9.0;
				MTL_ENABLE_DEBUG_INFO = YES;
				ONLY_ACTIVE_ARCH = YES;
				SDKROOT = iphoneos;
				SWIFT_OPTIMIZATION_LEVEL = "-Onone";
			};
			name = Debug;
		};
		F55772641B2C65C100DF2649 /* Release */ = {
			isa = XCBuildConfiguration;
			buildSettings = {
				ALWAYS_SEARCH_USER_PATHS = NO;
				CLANG_CXX_LANGUAGE_STANDARD = "gnu++0x";
				CLANG_CXX_LIBRARY = "libc++";
				CLANG_ENABLE_MODULES = YES;
				CLANG_ENABLE_OBJC_ARC = YES;
				CLANG_WARN_BOOL_CONVERSION = YES;
				CLANG_WARN_CONSTANT_CONVERSION = YES;
				CLANG_WARN_DIRECT_OBJC_ISA_USAGE = YES_ERROR;
				CLANG_WARN_EMPTY_BODY = YES;
				CLANG_WARN_ENUM_CONVERSION = YES;
				CLANG_WARN_INT_CONVERSION = YES;
				CLANG_WARN_OBJC_ROOT_CLASS = YES_ERROR;
				CLANG_WARN_UNREACHABLE_CODE = YES;
				CLANG_WARN__DUPLICATE_METHOD_MATCH = YES;
				"CODE_SIGN_IDENTITY[sdk=iphoneos*]" = "iPhone Developer";
				COPY_PHASE_STRIP = NO;
				DEBUG_INFORMATION_FORMAT = "dwarf-with-dsym";
				ENABLE_NS_ASSERTIONS = NO;
				ENABLE_STRICT_OBJC_MSGSEND = YES;
				GCC_C_LANGUAGE_STANDARD = gnu99;
				GCC_NO_COMMON_BLOCKS = YES;
				GCC_WARN_64_TO_32_BIT_CONVERSION = YES;
				GCC_WARN_ABOUT_RETURN_TYPE = YES_ERROR;
				GCC_WARN_UNDECLARED_SELECTOR = YES;
				GCC_WARN_UNINITIALIZED_AUTOS = YES_AGGRESSIVE;
				GCC_WARN_UNUSED_FUNCTION = YES;
				GCC_WARN_UNUSED_VARIABLE = YES;
				IPHONEOS_DEPLOYMENT_TARGET = 9.0;
				MTL_ENABLE_DEBUG_INFO = NO;
				SDKROOT = iphoneos;
				VALIDATE_PRODUCT = YES;
			};
			name = Release;
		};
		F55772661B2C65C100DF2649 /* Debug */ = {
			isa = XCBuildConfiguration;
			baseConfigurationReference = 1B326E5103154A6EC97576DC /* Pods-CompassIO.debug.xcconfig */;
			buildSettings = {
				ASSETCATALOG_COMPILER_APPICON_NAME = AppIcon;
				CODE_SIGN_ENTITLEMENTS = CompassIO.entitlements;
				DEVELOPMENT_TEAM = JWZKK84V7N;
				FRAMEWORK_SEARCH_PATHS = (
					"$(inherited)",
					"$(PROJECT_DIR)/Interests",
				);
				INFOPLIST_FILE = Interests/Info.plist;
				LD_RUNPATH_SEARCH_PATHS = "$(inherited) @executable_path/Frameworks";
				PRODUCT_BUNDLE_IDENTIFIER = CompassIO;
				PRODUCT_NAME = "$(TARGET_NAME)";
				SWIFT_VERSION = 3.0;
			};
			name = Debug;
		};
		F55772671B2C65C100DF2649 /* Release */ = {
			isa = XCBuildConfiguration;
			baseConfigurationReference = 6C1E16902E7BCC1442977D9E /* Pods-CompassIO.release.xcconfig */;
			buildSettings = {
				ASSETCATALOG_COMPILER_APPICON_NAME = AppIcon;
				CODE_SIGN_ENTITLEMENTS = CompassIO.entitlements;
				DEVELOPMENT_TEAM = JWZKK84V7N;
				FRAMEWORK_SEARCH_PATHS = (
					"$(inherited)",
					"$(PROJECT_DIR)/Interests",
				);
				INFOPLIST_FILE = Interests/Info.plist;
				LD_RUNPATH_SEARCH_PATHS = "$(inherited) @executable_path/Frameworks";
				PRODUCT_BUNDLE_IDENTIFIER = CompassIO;
				PRODUCT_NAME = "$(TARGET_NAME)";
				SWIFT_VERSION = 3.0;
			};
			name = Release;
		};
		F55772691B2C65C100DF2649 /* Debug */ = {
			isa = XCBuildConfiguration;
			baseConfigurationReference = 13CDABBA72DC083171A46753 /* Pods-CompassIOTests.debug.xcconfig */;
			buildSettings = {
				BUNDLE_LOADER = "$(TEST_HOST)";
				INFOPLIST_FILE = InterestsTests/Info.plist;
				LD_RUNPATH_SEARCH_PATHS = "$(inherited) @executable_path/Frameworks @loader_path/Frameworks";
				PRODUCT_BUNDLE_IDENTIFIER = com.developerinspirus.InterestsTests;
				PRODUCT_NAME = "$(TARGET_NAME)";
				SWIFT_VERSION = 3.0;
				TEST_HOST = "$(BUILT_PRODUCTS_DIR)/CompassIO.app/CompassIO";
			};
			name = Debug;
		};
		F557726A1B2C65C100DF2649 /* Release */ = {
			isa = XCBuildConfiguration;
			baseConfigurationReference = 36709B3048357C3CC49BD0BE /* Pods-CompassIOTests.release.xcconfig */;
			buildSettings = {
				BUNDLE_LOADER = "$(TEST_HOST)";
				INFOPLIST_FILE = InterestsTests/Info.plist;
				LD_RUNPATH_SEARCH_PATHS = "$(inherited) @executable_path/Frameworks @loader_path/Frameworks";
				PRODUCT_BUNDLE_IDENTIFIER = com.developerinspirus.InterestsTests;
				PRODUCT_NAME = "$(TARGET_NAME)";
				SWIFT_VERSION = 3.0;
				TEST_HOST = "$(BUILT_PRODUCTS_DIR)/CompassIO.app/CompassIO";
			};
			name = Release;
		};
		F557726C1B2C65C100DF2649 /* Debug */ = {
			isa = XCBuildConfiguration;
			baseConfigurationReference = 09C292302379B975BB1D11FB /* Pods-CompassIOUITests.debug.xcconfig */;
			buildSettings = {
				INFOPLIST_FILE = InterestsUITests/Info.plist;
				LD_RUNPATH_SEARCH_PATHS = "$(inherited) @executable_path/Frameworks @loader_path/Frameworks";
				PRODUCT_BUNDLE_IDENTIFIER = com.developerinspirus.InterestsUITests;
				PRODUCT_NAME = "$(TARGET_NAME)";
				SWIFT_VERSION = 3.0;
				TEST_TARGET_NAME = Interests;
				USES_XCTRUNNER = YES;
			};
			name = Debug;
		};
		F557726D1B2C65C100DF2649 /* Release */ = {
			isa = XCBuildConfiguration;
			baseConfigurationReference = 46261A5EA1B23365326E33BB /* Pods-CompassIOUITests.release.xcconfig */;
			buildSettings = {
				INFOPLIST_FILE = InterestsUITests/Info.plist;
				LD_RUNPATH_SEARCH_PATHS = "$(inherited) @executable_path/Frameworks @loader_path/Frameworks";
				PRODUCT_BUNDLE_IDENTIFIER = com.developerinspirus.InterestsUITests;
				PRODUCT_NAME = "$(TARGET_NAME)";
				SWIFT_VERSION = 3.0;
				TEST_TARGET_NAME = Interests;
				USES_XCTRUNNER = YES;
			};
			name = Release;
		};
/* End XCBuildConfiguration section */

/* Begin XCConfigurationList section */
		F55772381B2C65C100DF2649 /* Build configuration list for PBXProject "CompassIO" */ = {
			isa = XCConfigurationList;
			buildConfigurations = (
				F55772631B2C65C100DF2649 /* Debug */,
				F55772641B2C65C100DF2649 /* Release */,
			);
			defaultConfigurationIsVisible = 0;
			defaultConfigurationName = Release;
		};
		F55772651B2C65C100DF2649 /* Build configuration list for PBXNativeTarget "CompassIO" */ = {
			isa = XCConfigurationList;
			buildConfigurations = (
				F55772661B2C65C100DF2649 /* Debug */,
				F55772671B2C65C100DF2649 /* Release */,
			);
			defaultConfigurationIsVisible = 0;
			defaultConfigurationName = Release;
		};
		F55772681B2C65C100DF2649 /* Build configuration list for PBXNativeTarget "CompassIOTests" */ = {
			isa = XCConfigurationList;
			buildConfigurations = (
				F55772691B2C65C100DF2649 /* Debug */,
				F557726A1B2C65C100DF2649 /* Release */,
			);
			defaultConfigurationIsVisible = 0;
			defaultConfigurationName = Release;
		};
		F557726B1B2C65C100DF2649 /* Build configuration list for PBXNativeTarget "CompassIOUITests" */ = {
			isa = XCConfigurationList;
			buildConfigurations = (
				F557726C1B2C65C100DF2649 /* Debug */,
				F557726D1B2C65C100DF2649 /* Release */,
			);
			defaultConfigurationIsVisible = 0;
			defaultConfigurationName = Release;
		};
/* End XCConfigurationList section */
	};
	rootObject = F55772351B2C65C100DF2649 /* Project object */;
}
